
Microsoft Visual Studio Solution File, Format Version 12.00
# Visual Studio Version 17
VisualStudioVersion = 17.0.32112.339
MinimumVisualStudioVersion = 10.0.40219.1
Project("{FAE04EC0-301F-11D3-BF4B-00C04F79EFBC}") = "TaxService.Api", "TaxService.Api\TaxService.Api.csproj", "{DD94A8AD-6635-45BD-9386-2555CA8195CD}"
EndProject
Global
	GlobalSection(SolutionConfigurationPlatforms) = preSolution
		Debug|Any CPU = Debug|Any CPU
		Release|Any CPU = Release|Any CPU
	EndGlobalSection
	GlobalSection(ProjectConfigurationPlatforms) = postSolution
		{DD94A8AD-6635-45BD-9386-2555CA8195CD}.Debug|Any CPU.ActiveCfg = Debug|Any CPU
		{DD94A8AD-6635-45BD-9386-2555CA8195CD}.Debug|Any CPU.Build.0 = Debug|Any CPU
		{DD94A8AD-6635-45BD-9386-2555CA8195CD}.Release|Any CPU.ActiveCfg = Release|Any CPU
		{DD94A8AD-6635-45BD-9386-2555CA8195CD}.Release|Any CPU.Build.0 = Release|Any CPU
	EndGlobalSection
	GlobalSection(SolutionProperties) = preSolution
		HideSolutionNode = FALSE
	EndGlobalSection
	GlobalSection(ExtensibilityGlobals) = postSolution
		SolutionGuid = {5B546339-D12E-485D-803A-4AF4BE351058}
	EndGlobalSection
EndGlobal
